
Microsoft Visual Studio Solution File, Format Version 12.00
# Visual Studio Version 17
VisualStudioVersion = 17.4.33205.214
MinimumVisualStudioVersion = 10.0.40219.1
Project("{2150E333-8FDC-42A3-9474-1A3956D46DE8}") = "src", "src", "{F2A97849-794D-409E-AB56-BAB6693E4365}"
EndProject
Project("{2150E333-8FDC-42A3-9474-1A3956D46DE8}") = "test", "test", "{441A0468-68F8-4AD2-BDDF-12D450D57D29}"
EndProject
Project("{2150E333-8FDC-42A3-9474-1A3956D46DE8}") = "Core", "Core", "{6B31DC9D-240D-49EE-9470-E8DD10F3F89C}"
EndProject
Project("{2150E333-8FDC-42A3-9474-1A3956D46DE8}") = "Infrastructure", "Infrastructure", "{DFE79C28-EEB8-4EB3-A61C-4FB867899268}"
EndProject
Project("{2150E333-8FDC-42A3-9474-1A3956D46DE8}") = "API", "API", "{E59F347F-08FD-4EBA-AD12-8D1CD40474EE}"
EndProject
Project("{9A19103F-16F7-4668-BE54-9A1E7A4F7556}") = "HR.LeaveManagement.Domain", "HR.LeaveManagement.Domain\HR.LeaveManagement.Domain.csproj", "{A1827F74-BAC0-40C9-9E58-3A408A705818}"
EndProject
Project("{9A19103F-16F7-4668-BE54-9A1E7A4F7556}") = "HR.LeaveManagement.Application", "HR.LeaveManagement.Application\HR.LeaveManagement.Application.csproj", "{C90BB4AD-B096-4E11-B5B9-268C5F97F6DC}"
EndProject
Project("{9A19103F-16F7-4668-BE54-9A1E7A4F7556}") = "HR.LeaveManagement.Persistance", "HR.LeaveManagement.Persistance\HR.LeaveManagement.Persistance.csproj", "{D902B5B9-7BFD-4BE2-A8E1-30045E203CDD}"
EndProject
Project("{9A19103F-16F7-4668-BE54-9A1E7A4F7556}") = "HR.LeaveManagement.Infrastructure", "HR.LeaveManagement.Infrastructure\HR.LeaveManagement.Infrastructure.csproj", "{1016D7ED-8203-4510-A6A1-3424A315568C}"
EndProject
Project("{9A19103F-16F7-4668-BE54-9A1E7A4F7556}") = "HR.LeaveManagement.Api", "HR.LeaveManagement.Api\HR.LeaveManagement.Api.csproj", "{47D434D4-A246-456B-8E17-15E1E6EAC504}"
EndProject
Project("{2150E333-8FDC-42A3-9474-1A3956D46DE8}") = "UI", "UI", "{232C0C48-1599-4D9F-9023-000B2F26CC51}"
EndProject
Project("{FAE04EC0-301F-11D3-BF4B-00C04F79EFBC}") = "HR.LeaveManagement.Application.UnitTests", "HR.LeaveManagement.Application.UnitTests\HR.LeaveManagement.Application.UnitTests.csproj", "{D07B8262-2FC8-4506-A6EA-B057B9CCFD5B}"
EndProject
Global
	GlobalSection(SolutionConfigurationPlatforms) = preSolution
		Debug|Any CPU = Debug|Any CPU
		Release|Any CPU = Release|Any CPU
	EndGlobalSection
	GlobalSection(ProjectConfigurationPlatforms) = postSolution
		{A1827F74-BAC0-40C9-9E58-3A408A705818}.Debug|Any CPU.ActiveCfg = Debug|Any CPU
		{A1827F74-BAC0-40C9-9E58-3A408A705818}.Debug|Any CPU.Build.0 = Debug|Any CPU
		{A1827F74-BAC0-40C9-9E58-3A408A705818}.Release|Any CPU.ActiveCfg = Release|Any CPU
		{A1827F74-BAC0-40C9-9E58-3A408A705818}.Release|Any CPU.Build.0 = Release|Any CPU
		{C90BB4AD-B096-4E11-B5B9-268C5F97F6DC}.Debug|Any CPU.ActiveCfg = Debug|Any CPU
		{C90BB4AD-B096-4E11-B5B9-268C5F97F6DC}.Debug|Any CPU.Build.0 = Debug|Any CPU
		{C90BB4AD-B096-4E11-B5B9-268C5F97F6DC}.Release|Any CPU.ActiveCfg = Release|Any CPU
		{C90BB4AD-B096-4E11-B5B9-268C5F97F6DC}.Release|Any CPU.Build.0 = Release|Any CPU
		{D902B5B9-7BFD-4BE2-A8E1-30045E203CDD}.Debug|Any CPU.ActiveCfg = Debug|Any CPU
		{D902B5B9-7BFD-4BE2-A8E1-30045E203CDD}.Debug|Any CPU.Build.0 = Debug|Any CPU
		{D902B5B9-7BFD-4BE2-A8E1-30045E203CDD}.Release|Any CPU.ActiveCfg = Release|Any CPU
		{D902B5B9-7BFD-4BE2-A8E1-30045E203CDD}.Release|Any CPU.Build.0 = Release|Any CPU
		{1016D7ED-8203-4510-A6A1-3424A315568C}.Debug|Any CPU.ActiveCfg = Debug|Any CPU
		{1016D7ED-8203-4510-A6A1-3424A315568C}.Debug|Any CPU.Build.0 = Debug|Any CPU
		{1016D7ED-8203-4510-A6A1-3424A315568C}.Release|Any CPU.ActiveCfg = Release|Any CPU
		{1016D7ED-8203-4510-A6A1-3424A315568C}.Release|Any CPU.Build.0 = Release|Any CPU
		{47D434D4-A246-456B-8E17-15E1E6EAC504}.Debug|Any CPU.ActiveCfg = Debug|Any CPU
		{47D434D4-A246-456B-8E17-15E1E6EAC504}.Debug|Any CPU.Build.0 = Debug|Any CPU
		{47D434D4-A246-456B-8E17-15E1E6EAC504}.Release|Any CPU.ActiveCfg = Release|Any CPU
		{47D434D4-A246-456B-8E17-15E1E6EAC504}.Release|Any CPU.Build.0 = Release|Any CPU
		{D07B8262-2FC8-4506-A6EA-B057B9CCFD5B}.Debug|Any CPU.ActiveCfg = Debug|Any CPU
		{D07B8262-2FC8-4506-A6EA-B057B9CCFD5B}.Debug|Any CPU.Build.0 = Debug|Any CPU
		{D07B8262-2FC8-4506-A6EA-B057B9CCFD5B}.Release|Any CPU.ActiveCfg = Release|Any CPU
		{D07B8262-2FC8-4506-A6EA-B057B9CCFD5B}.Release|Any CPU.Build.0 = Release|Any CPU
	EndGlobalSection
	GlobalSection(SolutionProperties) = preSolution
		HideSolutionNode = FALSE
	EndGlobalSection
	GlobalSection(NestedProjects) = preSolution
		{6B31DC9D-240D-49EE-9470-E8DD10F3F89C} = {F2A97849-794D-409E-AB56-BAB6693E4365}
		{DFE79C28-EEB8-4EB3-A61C-4FB867899268} = {F2A97849-794D-409E-AB56-BAB6693E4365}
		{E59F347F-08FD-4EBA-AD12-8D1CD40474EE} = {F2A97849-794D-409E-AB56-BAB6693E4365}
		{A1827F74-BAC0-40C9-9E58-3A408A705818} = {6B31DC9D-240D-49EE-9470-E8DD10F3F89C}
		{C90BB4AD-B096-4E11-B5B9-268C5F97F6DC} = {6B31DC9D-240D-49EE-9470-E8DD10F3F89C}
		{D902B5B9-7BFD-4BE2-A8E1-30045E203CDD} = {DFE79C28-EEB8-4EB3-A61C-4FB867899268}
		{1016D7ED-8203-4510-A6A1-3424A315568C} = {DFE79C28-EEB8-4EB3-A61C-4FB867899268}
		{47D434D4-A246-456B-8E17-15E1E6EAC504} = {E59F347F-08FD-4EBA-AD12-8D1CD40474EE}
		{232C0C48-1599-4D9F-9023-000B2F26CC51} = {F2A97849-794D-409E-AB56-BAB6693E4365}
		{D07B8262-2FC8-4506-A6EA-B057B9CCFD5B} = {441A0468-68F8-4AD2-BDDF-12D450D57D29}
	EndGlobalSection
	GlobalSection(ExtensibilityGlobals) = postSolution
		SolutionGuid = {FA7596A4-ED44-4CE0-8999-97C8D2A01470}
	EndGlobalSection
EndGlobal
